
Microsoft Visual Studio Solution File, Format Version 12.00
# Visual Studio Version 16
VisualStudioVersion = 16.0.29806.167
MinimumVisualStudioVersion = 10.0.40219.1
Project("{FAE04EC0-301F-11D3-BF4B-00C04F79EFBC}") = "ConsoleApp1", "ConsoleApp1\ConsoleApp1.csproj", "{C5A3199A-65C1-4BBD-A376-D1FA8045EC56}"
EndProject
Global
	GlobalSection(SolutionConfigurationPlatforms) = preSolution
		Debug|Any CPU = Debug|Any CPU
		Release|Any CPU = Release|Any CPU
	EndGlobalSection
	GlobalSection(ProjectConfigurationPlatforms) = postSolution
		{C5A3199A-65C1-4BBD-A376-D1FA8045EC56}.Debug|Any CPU.ActiveCfg = Debug|Any CPU
		{C5A3199A-65C1-4BBD-A376-D1FA8045EC56}.Debug|Any CPU.Build.0 = Debug|Any CPU
		{C5A3199A-65C1-4BBD-A376-D1FA8045EC56}.Release|Any CPU.ActiveCfg = Release|Any CPU
		{C5A3199A-65C1-4BBD-A376-D1FA8045EC56}.Release|Any CPU.Build.0 = Release|Any CPU
	EndGlobalSection
	GlobalSection(SolutionProperties) = preSolution
		HideSolutionNode = FALSE
	EndGlobalSection
	GlobalSection(ExtensibilityGlobals) = postSolution
		SolutionGuid = {D31DEFBA-4E07-415E-B0A2-51A6275B53E1}
	EndGlobalSection
EndGlobal
